// !$*UTF8*$!
{
	archiveVersion = 1;
	classes = {
	};
	objectVersion = 46;
	objects = {

/* Begin PBXBuildFile section */
		5B4215351A69F659006EE452 /* main.m in Sources */ = {isa = PBXBuildFile; fileRef = 5B4215341A69F659006EE452 /* main.m */; };
		5B4215381A69F659006EE452 /* AppDelegate.m in Sources */ = {isa = PBXBuildFile; fileRef = 5B4215371A69F659006EE452 /* AppDelegate.m */; };
		5B42153B1A69F659006EE452 /* MatchGameViewController.m in Sources */ = {isa = PBXBuildFile; fileRef = 5B42153A1A69F659006EE452 /* MatchGameViewController.m */; };
		5B42153E1A69F659006EE452 /* SetGameViewController.m in Sources */ = {isa = PBXBuildFile; fileRef = 5B42153D1A69F659006EE452 /* SetGameViewController.m */; };
		5B4215411A69F659006EE452 /* Main.storyboard in Resources */ = {isa = PBXBuildFile; fileRef = 5B42153F1A69F659006EE452 /* Main.storyboard */; };
		5B4215431A69F659006EE452 /* Images.xcassets in Resources */ = {isa = PBXBuildFile; fileRef = 5B4215421A69F659006EE452 /* Images.xcassets */; };
		5B4215461A69F659006EE452 /* LaunchScreen.xib in Resources */ = {isa = PBXBuildFile; fileRef = 5B4215441A69F659006EE452 /* LaunchScreen.xib */; };
		5B4215521A69F659006EE452 /* TwoInOneCardGameTests.m in Sources */ = {isa = PBXBuildFile; fileRef = 5B4215511A69F659006EE452 /* TwoInOneCardGameTests.m */; };
		5B4215601A69FE36006EE452 /* CardGameViewController.m in Sources */ = {isa = PBXBuildFile; fileRef = 5B42155F1A69FE36006EE452 /* CardGameViewController.m */; };
		5B4215A61A6A47B8006EE452 /* Card.m in Sources */ = {isa = PBXBuildFile; fileRef = 5B4215971A6A47B8006EE452 /* Card.m */; };
		5B4215A71A6A47B8006EE452 /* CardMatchingGame.m in Sources */ = {isa = PBXBuildFile; fileRef = 5B42159A1A6A47B8006EE452 /* CardMatchingGame.m */; };
		5B4215A81A6A47B8006EE452 /* Deck.m in Sources */ = {isa = PBXBuildFile; fileRef = 5B42159B1A6A47B8006EE452 /* Deck.m */; };
		5B4215A91A6A47B8006EE452 /* GameResult.m in Sources */ = {isa = PBXBuildFile; fileRef = 5B42159D1A6A47B8006EE452 /* GameResult.m */; };
		5B4215AA1A6A47B8006EE452 /* PlayingCard.m in Sources */ = {isa = PBXBuildFile; fileRef = 5B42159F1A6A47B8006EE452 /* PlayingCard.m */; };
		5B4215AB1A6A47B8006EE452 /* PlayingCardDeck.m in Sources */ = {isa = PBXBuildFile; fileRef = 5B4215A11A6A47B8006EE452 /* PlayingCardDeck.m */; };
		5B4215AC1A6A47B8006EE452 /* SetGameCard.m in Sources */ = {isa = PBXBuildFile; fileRef = 5B4215A31A6A47B8006EE452 /* SetGameCard.m */; };
		5B4215AD1A6A47B8006EE452 /* SetGameCardDeck.m in Sources */ = {isa = PBXBuildFile; fileRef = 5B4215A51A6A47B8006EE452 /* SetGameCardDeck.m */; };
		5B4215B11A6A76AF006EE452 /* CardGame.m in Sources */ = {isa = PBXBuildFile; fileRef = 5B4215B01A6A76AF006EE452 /* CardGame.m */; };
		5B4215B31A6A7724006EE452 /* CardGame_Protected.m in Sources */ = {isa = PBXBuildFile; fileRef = 5B4215B21A6A7724006EE452 /* CardGame_Protected.m */; };
		5B4215B61A6A7AAE006EE452 /* SetCardGame.m in Sources */ = {isa = PBXBuildFile; fileRef = 5B4215B51A6A7AAE006EE452 /* SetCardGame.m */; };
		5B4215B81A6A8037006EE452 /* UIKit.framework in Frameworks */ = {isa = PBXBuildFile; fileRef = 5B4215B71A6A8037006EE452 /* UIKit.framework */; };
		5B4215BA1A6A80EC006EE452 /* CoreGraphics.framework in Frameworks */ = {isa = PBXBuildFile; fileRef = 5B4215B91A6A80EC006EE452 /* CoreGraphics.framework */; };
		5B4215BC1A6A80F4006EE452 /* Foundation.framework in Frameworks */ = {isa = PBXBuildFile; fileRef = 5B4215BB1A6A80F4006EE452 /* Foundation.framework */; };
		5B4215C01A6B333D006EE452 /* CardGameViewController_Protected.m in Sources */ = {isa = PBXBuildFile; fileRef = 5B4215BF1A6B333D006EE452 /* CardGameViewController_Protected.m */; };
		5B4215C31A6B4B1B006EE452 /* MatchCardView.m in Sources */ = {isa = PBXBuildFile; fileRef = 5B4215C21A6B4B1B006EE452 /* MatchCardView.m */; };
		5B4216831A6B7C40006EE452 /* _about in Resources */ = {isa = PBXBuildFile; fileRef = 5B4216441A6B7C40006EE452 /* _about */; };
		5B4216841A6B7C40006EE452 /* _about2 in Resources */ = {isa = PBXBuildFile; fileRef = 5B4216451A6B7C40006EE452 /* _about2 */; };
		5B4216851A6B7C40006EE452 /* _cardback in Resources */ = {isa = PBXBuildFile; fileRef = 5B4216461A6B7C40006EE452 /* _cardback */; };
		5B4216861A6B7C40006EE452 /* _cardback2 in Resources */ = {isa = PBXBuildFile; fileRef = 5B4216471A6B7C40006EE452 /* _cardback2 */; };
		5B4216871A6B7C40006EE452 /* _Corners in Resources */ = {isa = PBXBuildFile; fileRef = 5B4216481A6B7C40006EE452 /* _Corners */; };
		5B4216881A6B7C40006EE452 /* _joker in Resources */ = {isa = PBXBuildFile; fileRef = 5B4216491A6B7C40006EE452 /* _joker */; };
		5B4216891A6B7C40006EE452 /* _joker2 in Resources */ = {isa = PBXBuildFile; fileRef = 5B42164A1A6B7C40006EE452 /* _joker2 */; };
		5B42168A1A6B7C40006EE452 /* _Numbers in Resources */ = {isa = PBXBuildFile; fileRef = 5B42164B1A6B7C40006EE452 /* _Numbers */; };
		5B42168B1A6B7C40006EE452 /* _Size in Resources */ = {isa = PBXBuildFile; fileRef = 5B42164C1A6B7C40006EE452 /* _Size */; };
		5B42168C1A6B7C40006EE452 /* _Suits in Resources */ = {isa = PBXBuildFile; fileRef = 5B42164D1A6B7C40006EE452 /* _Suits */; };
		5B42168D1A6B7C40006EE452 /* 2C in Resources */ = {isa = PBXBuildFile; fileRef = 5B42164E1A6B7C40006EE452 /* 2C */; };
		5B42168E1A6B7C40006EE452 /* 2D in Resources */ = {isa = PBXBuildFile; fileRef = 5B42164F1A6B7C40006EE452 /* 2D */; };
		5B42168F1A6B7C40006EE452 /* 2H in Resources */ = {isa = PBXBuildFile; fileRef = 5B4216501A6B7C40006EE452 /* 2H */; };
		5B4216901A6B7C40006EE452 /* 2S in Resources */ = {isa = PBXBuildFile; fileRef = 5B4216511A6B7C40006EE452 /* 2S */; };
		5B4216911A6B7C40006EE452 /* 3C in Resources */ = {isa = PBXBuildFile; fileRef = 5B4216521A6B7C40006EE452 /* 3C */; };
		5B4216921A6B7C40006EE452 /* 3D in Resources */ = {isa = PBXBuildFile; fileRef = 5B4216531A6B7C40006EE452 /* 3D */; };
		5B4216931A6B7C40006EE452 /* 3H in Resources */ = {isa = PBXBuildFile; fileRef = 5B4216541A6B7C40006EE452 /* 3H */; };
		5B4216941A6B7C40006EE452 /* 3S in Resources */ = {isa = PBXBuildFile; fileRef = 5B4216551A6B7C40006EE452 /* 3S */; };
		5B4216951A6B7C40006EE452 /* 4C in Resources */ = {isa = PBXBuildFile; fileRef = 5B4216561A6B7C40006EE452 /* 4C */; };
		5B4216961A6B7C40006EE452 /* 4D in Resources */ = {isa = PBXBuildFile; fileRef = 5B4216571A6B7C40006EE452 /* 4D */; };
		5B4216971A6B7C40006EE452 /* 4H in Resources */ = {isa = PBXBuildFile; fileRef = 5B4216581A6B7C40006EE452 /* 4H */; };
		5B4216981A6B7C40006EE452 /* 4S in Resources */ = {isa = PBXBuildFile; fileRef = 5B4216591A6B7C40006EE452 /* 4S */; };
		5B4216991A6B7C40006EE452 /* 5C in Resources */ = {isa = PBXBuildFile; fileRef = 5B42165A1A6B7C40006EE452 /* 5C */; };
		5B42169A1A6B7C40006EE452 /* 5D in Resources */ = {isa = PBXBuildFile; fileRef = 5B42165B1A6B7C40006EE452 /* 5D */; };
		5B42169B1A6B7C40006EE452 /* 5H in Resources */ = {isa = PBXBuildFile; fileRef = 5B42165C1A6B7C40006EE452 /* 5H */; };
		5B42169C1A6B7C40006EE452 /* 5S in Resources */ = {isa = PBXBuildFile; fileRef = 5B42165D1A6B7C40006EE452 /* 5S */; };
		5B42169D1A6B7C40006EE452 /* 6C in Resources */ = {isa = PBXBuildFile; fileRef = 5B42165E1A6B7C40006EE452 /* 6C */; };
		5B42169E1A6B7C40006EE452 /* 6D in Resources */ = {isa = PBXBuildFile; fileRef = 5B42165F1A6B7C40006EE452 /* 6D */; };
		5B42169F1A6B7C40006EE452 /* 6H in Resources */ = {isa = PBXBuildFile; fileRef = 5B4216601A6B7C40006EE452 /* 6H */; };
		5B4216A01A6B7C40006EE452 /* 6S in Resources */ = {isa = PBXBuildFile; fileRef = 5B4216611A6B7C40006EE452 /* 6S */; };
		5B4216A11A6B7C40006EE452 /* 7C in Resources */ = {isa = PBXBuildFile; fileRef = 5B4216621A6B7C40006EE452 /* 7C */; };
		5B4216A21A6B7C40006EE452 /* 7D in Resources */ = {isa = PBXBuildFile; fileRef = 5B4216631A6B7C40006EE452 /* 7D */; };
		5B4216A31A6B7C40006EE452 /* 7H in Resources */ = {isa = PBXBuildFile; fileRef = 5B4216641A6B7C40006EE452 /* 7H */; };
		5B4216A41A6B7C40006EE452 /* 7S in Resources */ = {isa = PBXBuildFile; fileRef = 5B4216651A6B7C40006EE452 /* 7S */; };
		5B4216A51A6B7C40006EE452 /* 8C in Resources */ = {isa = PBXBuildFile; fileRef = 5B4216661A6B7C40006EE452 /* 8C */; };
		5B4216A61A6B7C40006EE452 /* 8D in Resources */ = {isa = PBXBuildFile; fileRef = 5B4216671A6B7C40006EE452 /* 8D */; };
		5B4216A71A6B7C40006EE452 /* 8H in Resources */ = {isa = PBXBuildFile; fileRef = 5B4216681A6B7C40006EE452 /* 8H */; };
		5B4216A81A6B7C40006EE452 /* 8S in Resources */ = {isa = PBXBuildFile; fileRef = 5B4216691A6B7C40006EE452 /* 8S */; };
		5B4216A91A6B7C40006EE452 /* 9C in Resources */ = {isa = PBXBuildFile; fileRef = 5B42166A1A6B7C40006EE452 /* 9C */; };
		5B4216AA1A6B7C40006EE452 /* 9D in Resources */ = {isa = PBXBuildFile; fileRef = 5B42166B1A6B7C40006EE452 /* 9D */; };
		5B4216AB1A6B7C40006EE452 /* 9H in Resources */ = {isa = PBXBuildFile; fileRef = 5B42166C1A6B7C40006EE452 /* 9H */; };
		5B4216AC1A6B7C40006EE452 /* 9S in Resources */ = {isa = PBXBuildFile; fileRef = 5B42166D1A6B7C40006EE452 /* 9S */; };
		5B4216AD1A6B7C40006EE452 /* 10C in Resources */ = {isa = PBXBuildFile; fileRef = 5B42166E1A6B7C40006EE452 /* 10C */; };
		5B4216AE1A6B7C40006EE452 /* 10D in Resources */ = {isa = PBXBuildFile; fileRef = 5B42166F1A6B7C40006EE452 /* 10D */; };
		5B4216AF1A6B7C40006EE452 /* 10H in Resources */ = {isa = PBXBuildFile; fileRef = 5B4216701A6B7C40006EE452 /* 10H */; };
		5B4216B01A6B7C40006EE452 /* 10S in Resources */ = {isa = PBXBuildFile; fileRef = 5B4216711A6B7C40006EE452 /* 10S */; };
		5B4216B11A6B7C40006EE452 /* AC in Resources */ = {isa = PBXBuildFile; fileRef = 5B4216721A6B7C40006EE452 /* AC */; };
		5B4216B21A6B7C40006EE452 /* AD in Resources */ = {isa = PBXBuildFile; fileRef = 5B4216731A6B7C40006EE452 /* AD */; };
		5B4216B31A6B7C40006EE452 /* AH in Resources */ = {isa = PBXBuildFile; fileRef = 5B4216741A6B7C40006EE452 /* AH */; };
		5B4216B41A6B7C40006EE452 /* AS in Resources */ = {isa = PBXBuildFile; fileRef = 5B4216751A6B7C40006EE452 /* AS */; };
		5B4216B51A6B7C40006EE452 /* IconJoker.png in Resources */ = {isa = PBXBuildFile; fileRef = 5B4216761A6B7C40006EE452 /* IconJoker.png */; };
		5B4216B61A6B7C40006EE452 /* JC in Resources */ = {isa = PBXBuildFile; fileRef = 5B4216771A6B7C40006EE452 /* JC */; };
		5B4216B71A6B7C40006EE452 /* JD in Resources */ = {isa = PBXBuildFile; fileRef = 5B4216781A6B7C40006EE452 /* JD */; };
		5B4216B81A6B7C40006EE452 /* JH in Resources */ = {isa = PBXBuildFile; fileRef = 5B4216791A6B7C40006EE452 /* JH */; };
		5B4216B91A6B7C40006EE452 /* JS in Resources */ = {isa = PBXBuildFile; fileRef = 5B42167A1A6B7C40006EE452 /* JS */; };
		5B4216BA1A6B7C40006EE452 /* KC in Resources */ = {isa = PBXBuildFile; fileRef = 5B42167B1A6B7C40006EE452 /* KC */; };
		5B4216BB1A6B7C40006EE452 /* KD in Resources */ = {isa = PBXBuildFile; fileRef = 5B42167C1A6B7C40006EE452 /* KD */; };
		5B4216BC1A6B7C40006EE452 /* KH in Resources */ = {isa = PBXBuildFile; fileRef = 5B42167D1A6B7C40006EE452 /* KH */; };
		5B4216BD1A6B7C40006EE452 /* KS in Resources */ = {isa = PBXBuildFile; fileRef = 5B42167E1A6B7C40006EE452 /* KS */; };
		5B4216BE1A6B7C40006EE452 /* QC in Resources */ = {isa = PBXBuildFile; fileRef = 5B42167F1A6B7C40006EE452 /* QC */; };
		5B4216BF1A6B7C40006EE452 /* QD in Resources */ = {isa = PBXBuildFile; fileRef = 5B4216801A6B7C40006EE452 /* QD */; };
		5B4216C01A6B7C40006EE452 /* QH in Resources */ = {isa = PBXBuildFile; fileRef = 5B4216811A6B7C40006EE452 /* QH */; };
		5B4216C11A6B7C40006EE452 /* QS in Resources */ = {isa = PBXBuildFile; fileRef = 5B4216821A6B7C40006EE452 /* QS */; };
/* End PBXBuildFile section */

/* Begin PBXContainerItemProxy section */
		5B42154C1A69F659006EE452 /* PBXContainerItemProxy */ = {
			isa = PBXContainerItemProxy;
			containerPortal = 5B4215271A69F659006EE452 /* Project object */;
			proxyType = 1;
			remoteGlobalIDString = 5B42152E1A69F659006EE452;
			remoteInfo = TwoInOneCardGame;
		};
/* End PBXContainerItemProxy section */

/* Begin PBXFileReference section */
		5B42152F1A69F659006EE452 /* TwoInOneCardGame.app */ = {isa = PBXFileReference; explicitFileType = wrapper.application; includeInIndex = 0; path = TwoInOneCardGame.app; sourceTree = BUILT_PRODUCTS_DIR; };
		5B4215331A69F659006EE452 /* Info.plist */ = {isa = PBXFileReference; lastKnownFileType = text.plist.xml; path = Info.plist; sourceTree = "<group>"; };
		5B4215341A69F659006EE452 /* main.m */ = {isa = PBXFileReference; lastKnownFileType = sourcecode.c.objc; path = main.m; sourceTree = "<group>"; };
		5B4215361A69F659006EE452 /* AppDelegate.h */ = {isa = PBXFileReference; lastKnownFileType = sourcecode.c.h; path = AppDelegate.h; sourceTree = "<group>"; };
		5B4215371A69F659006EE452 /* AppDelegate.m */ = {isa = PBXFileReference; lastKnownFileType = sourcecode.c.objc; path = AppDelegate.m; sourceTree = "<group>"; };
		5B4215391A69F659006EE452 /* MatchGameViewController.h */ = {isa = PBXFileReference; lastKnownFileType = sourcecode.c.h; path = MatchGameViewController.h; sourceTree = "<group>"; };
		5B42153A1A69F659006EE452 /* MatchGameViewController.m */ = {isa = PBXFileReference; lastKnownFileType = sourcecode.c.objc; path = MatchGameViewController.m; sourceTree = "<group>"; };
		5B42153C1A69F659006EE452 /* SetGameViewController.h */ = {isa = PBXFileReference; lastKnownFileType = sourcecode.c.h; path = SetGameViewController.h; sourceTree = "<group>"; };
		5B42153D1A69F659006EE452 /* SetGameViewController.m */ = {isa = PBXFileReference; lastKnownFileType = sourcecode.c.objc; path = SetGameViewController.m; sourceTree = "<group>"; };
		5B4215401A69F659006EE452 /* Base */ = {isa = PBXFileReference; lastKnownFileType = file.storyboard; name = Base; path = Base.lproj/Main.storyboard; sourceTree = "<group>"; };
		5B4215421A69F659006EE452 /* Images.xcassets */ = {isa = PBXFileReference; lastKnownFileType = folder.assetcatalog; path = Images.xcassets; sourceTree = "<group>"; };
		5B4215451A69F659006EE452 /* Base */ = {isa = PBXFileReference; lastKnownFileType = file.xib; name = Base; path = Base.lproj/LaunchScreen.xib; sourceTree = "<group>"; };
		5B42154B1A69F659006EE452 /* TwoInOneCardGameTests.xctest */ = {isa = PBXFileReference; explicitFileType = wrapper.cfbundle; includeInIndex = 0; path = TwoInOneCardGameTests.xctest; sourceTree = BUILT_PRODUCTS_DIR; };
		5B4215501A69F659006EE452 /* Info.plist */ = {isa = PBXFileReference; lastKnownFileType = text.plist.xml; path = Info.plist; sourceTree = "<group>"; };
		5B4215511A69F659006EE452 /* TwoInOneCardGameTests.m */ = {isa = PBXFileReference; lastKnownFileType = sourcecode.c.objc; path = TwoInOneCardGameTests.m; sourceTree = "<group>"; };
		5B42155E1A69FE36006EE452 /* CardGameViewController.h */ = {isa = PBXFileReference; fileEncoding = 4; lastKnownFileType = sourcecode.c.h; path = CardGameViewController.h; sourceTree = "<group>"; };
		5B42155F1A69FE36006EE452 /* CardGameViewController.m */ = {isa = PBXFileReference; fileEncoding = 4; lastKnownFileType = sourcecode.c.objc; path = CardGameViewController.m; sourceTree = "<group>"; };
		5B4215961A6A47B8006EE452 /* Card.h */ = {isa = PBXFileReference; fileEncoding = 4; lastKnownFileType = sourcecode.c.h; path = Card.h; sourceTree = "<group>"; };
		5B4215971A6A47B8006EE452 /* Card.m */ = {isa = PBXFileReference; fileEncoding = 4; lastKnownFileType = sourcecode.c.objc; path = Card.m; sourceTree = "<group>"; };
		5B4215991A6A47B8006EE452 /* CardMatchingGame.h */ = {isa = PBXFileReference; fileEncoding = 4; lastKnownFileType = sourcecode.c.h; path = CardMatchingGame.h; sourceTree = "<group>"; };
		5B42159A1A6A47B8006EE452 /* CardMatchingGame.m */ = {isa = PBXFileReference; fileEncoding = 4; lastKnownFileType = sourcecode.c.objc; path = CardMatchingGame.m; sourceTree = "<group>"; };
		5B42159B1A6A47B8006EE452 /* Deck.m */ = {isa = PBXFileReference; fileEncoding = 4; lastKnownFileType = sourcecode.c.objc; path = Deck.m; sourceTree = "<group>"; };
		5B42159C1A6A47B8006EE452 /* GameResult.h */ = {isa = PBXFileReference; fileEncoding = 4; lastKnownFileType = sourcecode.c.h; path = GameResult.h; sourceTree = "<group>"; };
		5B42159D1A6A47B8006EE452 /* GameResult.m */ = {isa = PBXFileReference; fileEncoding = 4; lastKnownFileType = sourcecode.c.objc; path = GameResult.m; sourceTree = "<group>"; };
		5B42159E1A6A47B8006EE452 /* PlayingCard.h */ = {isa = PBXFileReference; fileEncoding = 4; lastKnownFileType = sourcecode.c.h; path = PlayingCard.h; sourceTree = "<group>"; };
		5B42159F1A6A47B8006EE452 /* PlayingCard.m */ = {isa = PBXFileReference; fileEncoding = 4; lastKnownFileType = sourcecode.c.objc; path = PlayingCard.m; sourceTree = "<group>"; };
		5B4215A01A6A47B8006EE452 /* PlayingCardDeck.h */ = {isa = PBXFileReference; fileEncoding = 4; lastKnownFileType = sourcecode.c.h; path = PlayingCardDeck.h; sourceTree = "<group>"; };
		5B4215A11A6A47B8006EE452 /* PlayingCardDeck.m */ = {isa = PBXFileReference; fileEncoding = 4; lastKnownFileType = sourcecode.c.objc; path = PlayingCardDeck.m; sourceTree = "<group>"; };
		5B4215A21A6A47B8006EE452 /* SetGameCard.h */ = {isa = PBXFileReference; fileEncoding = 4; lastKnownFileType = sourcecode.c.h; path = SetGameCard.h; sourceTree = "<group>"; };
		5B4215A31A6A47B8006EE452 /* SetGameCard.m */ = {isa = PBXFileReference; fileEncoding = 4; lastKnownFileType = sourcecode.c.objc; path = SetGameCard.m; sourceTree = "<group>"; };
		5B4215A41A6A47B8006EE452 /* SetGameCardDeck.h */ = {isa = PBXFileReference; fileEncoding = 4; lastKnownFileType = sourcecode.c.h; path = SetGameCardDeck.h; sourceTree = "<group>"; };
		5B4215A51A6A47B8006EE452 /* SetGameCardDeck.m */ = {isa = PBXFileReference; fileEncoding = 4; lastKnownFileType = sourcecode.c.objc; path = SetGameCardDeck.m; sourceTree = "<group>"; };
		5B4215AE1A6A75F8006EE452 /* Deck.h */ = {isa = PBXFileReference; lastKnownFileType = sourcecode.c.h; path = Deck.h; sourceTree = "<group>"; };
		5B4215AF1A6A76AF006EE452 /* CardGame.h */ = {isa = PBXFileReference; fileEncoding = 4; lastKnownFileType = sourcecode.c.h; path = CardGame.h; sourceTree = "<group>"; };
		5B4215B01A6A76AF006EE452 /* CardGame.m */ = {isa = PBXFileReference; fileEncoding = 4; lastKnownFileType = sourcecode.c.objc; path = CardGame.m; sourceTree = "<group>"; };
		5B4215B21A6A7724006EE452 /* CardGame_Protected.m */ = {isa = PBXFileReference; fileEncoding = 4; lastKnownFileType = sourcecode.c.objc; path = CardGame_Protected.m; sourceTree = "<group>"; };
		5B4215B41A6A7AAE006EE452 /* SetCardGame.h */ = {isa = PBXFileReference; fileEncoding = 4; lastKnownFileType = sourcecode.c.h; path = SetCardGame.h; sourceTree = "<group>"; };
		5B4215B51A6A7AAE006EE452 /* SetCardGame.m */ = {isa = PBXFileReference; fileEncoding = 4; lastKnownFileType = sourcecode.c.objc; path = SetCardGame.m; sourceTree = "<group>"; };
		5B4215B71A6A8037006EE452 /* UIKit.framework */ = {isa = PBXFileReference; lastKnownFileType = wrapper.framework; name = UIKit.framework; path = System/Library/Frameworks/UIKit.framework; sourceTree = SDKROOT; };
		5B4215B91A6A80EC006EE452 /* CoreGraphics.framework */ = {isa = PBXFileReference; lastKnownFileType = wrapper.framework; name = CoreGraphics.framework; path = System/Library/Frameworks/CoreGraphics.framework; sourceTree = SDKROOT; };
		5B4215BB1A6A80F4006EE452 /* Foundation.framework */ = {isa = PBXFileReference; lastKnownFileType = wrapper.framework; name = Foundation.framework; path = System/Library/Frameworks/Foundation.framework; sourceTree = SDKROOT; };
		5B4215BE1A6A84F6006EE452 /* TwoInOneCardGame-Prefix.pch */ = {isa = PBXFileReference; fileEncoding = 4; lastKnownFileType = sourcecode.c.h; path = "TwoInOneCardGame-Prefix.pch"; sourceTree = "<group>"; };
		5B4215BF1A6B333D006EE452 /* CardGameViewController_Protected.m */ = {isa = PBXFileReference; fileEncoding = 4; lastKnownFileType = sourcecode.c.objc; path = CardGameViewController_Protected.m; sourceTree = "<group>"; };
		5B4215C11A6B4B1B006EE452 /* MatchCardView.h */ = {isa = PBXFileReference; fileEncoding = 4; lastKnownFileType = sourcecode.c.h; path = MatchCardView.h; sourceTree = "<group>"; };
		5B4215C21A6B4B1B006EE452 /* MatchCardView.m */ = {isa = PBXFileReference; fileEncoding = 4; lastKnownFileType = sourcecode.c.objc; path = MatchCardView.m; sourceTree = "<group>"; };
		5B4216441A6B7C40006EE452 /* _about */ = {isa = PBXFileReference; lastKnownFileType = file; path = _about; sourceTree = "<group>"; };
		5B4216451A6B7C40006EE452 /* _about2 */ = {isa = PBXFileReference; lastKnownFileType = file; path = _about2; sourceTree = "<group>"; };
		5B4216461A6B7C40006EE452 /* _cardback */ = {isa = PBXFileReference; lastKnownFileType = file; path = _cardback; sourceTree = "<group>"; };
		5B4216471A6B7C40006EE452 /* _cardback2 */ = {isa = PBXFileReference; lastKnownFileType = file; path = _cardback2; sourceTree = "<group>"; };
		5B4216481A6B7C40006EE452 /* _Corners */ = {isa = PBXFileReference; fileEncoding = 4; lastKnownFileType = text; path = _Corners; sourceTree = "<group>"; };
		5B4216491A6B7C40006EE452 /* _joker */ = {isa = PBXFileReference; lastKnownFileType = file; path = _joker; sourceTree = "<group>"; };
		5B42164A1A6B7C40006EE452 /* _joker2 */ = {isa = PBXFileReference; lastKnownFileType = file; path = _joker2; sourceTree = "<group>"; };
		5B42164B1A6B7C40006EE452 /* _Numbers */ = {isa = PBXFileReference; fileEncoding = 4; lastKnownFileType = text; path = _Numbers; sourceTree = "<group>"; };
		5B42164C1A6B7C40006EE452 /* _Size */ = {isa = PBXFileReference; fileEncoding = 4; lastKnownFileType = text; path = _Size; sourceTree = "<group>"; };
		5B42164D1A6B7C40006EE452 /* _Suits */ = {isa = PBXFileReference; fileEncoding = 4; lastKnownFileType = text; path = _Suits; sourceTree = "<group>"; };
		5B42164E1A6B7C40006EE452 /* 2C */ = {isa = PBXFileReference; lastKnownFileType = file; path = 2C; sourceTree = "<group>"; };
		5B42164F1A6B7C40006EE452 /* 2D */ = {isa = PBXFileReference; lastKnownFileType = file; path = 2D; sourceTree = "<group>"; };
		5B4216501A6B7C40006EE452 /* 2H */ = {isa = PBXFileReference; lastKnownFileType = file; path = 2H; sourceTree = "<group>"; };
		5B4216511A6B7C40006EE452 /* 2S */ = {isa = PBXFileReference; lastKnownFileType = file; path = 2S; sourceTree = "<group>"; };
		5B4216521A6B7C40006EE452 /* 3C */ = {isa = PBXFileReference; lastKnownFileType = file; path = 3C; sourceTree = "<group>"; };
		5B4216531A6B7C40006EE452 /* 3D */ = {isa = PBXFileReference; lastKnownFileType = file; path = 3D; sourceTree = "<group>"; };
		5B4216541A6B7C40006EE452 /* 3H */ = {isa = PBXFileReference; lastKnownFileType = file; path = 3H; sourceTree = "<group>"; };
		5B4216551A6B7C40006EE452 /* 3S */ = {isa = PBXFileReference; lastKnownFileType = file; path = 3S; sourceTree = "<group>"; };
		5B4216561A6B7C40006EE452 /* 4C */ = {isa = PBXFileReference; lastKnownFileType = file; path = 4C; sourceTree = "<group>"; };
		5B4216571A6B7C40006EE452 /* 4D */ = {isa = PBXFileReference; lastKnownFileType = file; path = 4D; sourceTree = "<group>"; };
		5B4216581A6B7C40006EE452 /* 4H */ = {isa = PBXFileReference; lastKnownFileType = file; path = 4H; sourceTree = "<group>"; };
		5B4216591A6B7C40006EE452 /* 4S */ = {isa = PBXFileReference; lastKnownFileType = file; path = 4S; sourceTree = "<group>"; };
		5B42165A1A6B7C40006EE452 /* 5C */ = {isa = PBXFileReference; lastKnownFileType = file; path = 5C; sourceTree = "<group>"; };
		5B42165B1A6B7C40006EE452 /* 5D */ = {isa = PBXFileReference; lastKnownFileType = file; path = 5D; sourceTree = "<group>"; };
		5B42165C1A6B7C40006EE452 /* 5H */ = {isa = PBXFileReference; lastKnownFileType = file; path = 5H; sourceTree = "<group>"; };
		5B42165D1A6B7C40006EE452 /* 5S */ = {isa = PBXFileReference; lastKnownFileType = file; path = 5S; sourceTree = "<group>"; };
		5B42165E1A6B7C40006EE452 /* 6C */ = {isa = PBXFileReference; lastKnownFileType = file; path = 6C; sourceTree = "<group>"; };
		5B42165F1A6B7C40006EE452 /* 6D */ = {isa = PBXFileReference; lastKnownFileType = file; path = 6D; sourceTree = "<group>"; };
		5B4216601A6B7C40006EE452 /* 6H */ = {isa = PBXFileReference; lastKnownFileType = file; path = 6H; sourceTree = "<group>"; };
		5B4216611A6B7C40006EE452 /* 6S */ = {isa = PBXFileReference; lastKnownFileType = file; path = 6S; sourceTree = "<group>"; };
		5B4216621A6B7C40006EE452 /* 7C */ = {isa = PBXFileReference; lastKnownFileType = file; path = 7C; sourceTree = "<group>"; };
		5B4216631A6B7C40006EE452 /* 7D */ = {isa = PBXFileReference; lastKnownFileType = file; path = 7D; sourceTree = "<group>"; };
		5B4216641A6B7C40006EE452 /* 7H */ = {isa = PBXFileReference; lastKnownFileType = file; path = 7H; sourceTree = "<group>"; };
		5B4216651A6B7C40006EE452 /* 7S */ = {isa = PBXFileReference; lastKnownFileType = file; path = 7S; sourceTree = "<group>"; };
		5B4216661A6B7C40006EE452 /* 8C */ = {isa = PBXFileReference; lastKnownFileType = file; path = 8C; sourceTree = "<group>"; };
		5B4216671A6B7C40006EE452 /* 8D */ = {isa = PBXFileReference; lastKnownFileType = file; path = 8D; sourceTree = "<group>"; };
		5B4216681A6B7C40006EE452 /* 8H */ = {isa = PBXFileReference; lastKnownFileType = file; path = 8H; sourceTree = "<group>"; };
		5B4216691A6B7C40006EE452 /* 8S */ = {isa = PBXFileReference; lastKnownFileType = file; path = 8S; sourceTree = "<group>"; };
		5B42166A1A6B7C40006EE452 /* 9C */ = {isa = PBXFileReference; lastKnownFileType = file; path = 9C; sourceTree = "<group>"; };
		5B42166B1A6B7C40006EE452 /* 9D */ = {isa = PBXFileReference; lastKnownFileType = file; path = 9D; sourceTree = "<group>"; };
		5B42166C1A6B7C40006EE452 /* 9H */ = {isa = PBXFileReference; lastKnownFileType = file; path = 9H; sourceTree = "<group>"; };
		5B42166D1A6B7C40006EE452 /* 9S */ = {isa = PBXFileReference; lastKnownFileType = file; path = 9S; sourceTree = "<group>"; };
		5B42166E1A6B7C40006EE452 /* 10C */ = {isa = PBXFileReference; lastKnownFileType = file; path = 10C; sourceTree = "<group>"; };
		5B42166F1A6B7C40006EE452 /* 10D */ = {isa = PBXFileReference; lastKnownFileType = file; path = 10D; sourceTree = "<group>"; };
		5B4216701A6B7C40006EE452 /* 10H */ = {isa = PBXFileReference; lastKnownFileType = file; path = 10H; sourceTree = "<group>"; };
		5B4216711A6B7C40006EE452 /* 10S */ = {isa = PBXFileReference; lastKnownFileType = file; path = 10S; sourceTree = "<group>"; };
		5B4216721A6B7C40006EE452 /* AC */ = {isa = PBXFileReference; lastKnownFileType = file; path = AC; sourceTree = "<group>"; };
		5B4216731A6B7C40006EE452 /* AD */ = {isa = PBXFileReference; lastKnownFileType = file; path = AD; sourceTree = "<group>"; };
		5B4216741A6B7C40006EE452 /* AH */ = {isa = PBXFileReference; lastKnownFileType = file; path = AH; sourceTree = "<group>"; };
		5B4216751A6B7C40006EE452 /* AS */ = {isa = PBXFileReference; lastKnownFileType = file; path = AS; sourceTree = "<group>"; };
		5B4216761A6B7C40006EE452 /* IconJoker.png */ = {isa = PBXFileReference; lastKnownFileType = image.png; path = IconJoker.png; sourceTree = "<group>"; };
		5B4216771A6B7C40006EE452 /* JC */ = {isa = PBXFileReference; lastKnownFileType = file; path = JC; sourceTree = "<group>"; };
		5B4216781A6B7C40006EE452 /* JD */ = {isa = PBXFileReference; lastKnownFileType = file; path = JD; sourceTree = "<group>"; };
		5B4216791A6B7C40006EE452 /* JH */ = {isa = PBXFileReference; lastKnownFileType = file; path = JH; sourceTree = "<group>"; };
		5B42167A1A6B7C40006EE452 /* JS */ = {isa = PBXFileReference; lastKnownFileType = file; path = JS; sourceTree = "<group>"; };
		5B42167B1A6B7C40006EE452 /* KC */ = {isa = PBXFileReference; lastKnownFileType = file; path = KC; sourceTree = "<group>"; };
		5B42167C1A6B7C40006EE452 /* KD */ = {isa = PBXFileReference; lastKnownFileType = file; path = KD; sourceTree = "<group>"; };
		5B42167D1A6B7C40006EE452 /* KH */ = {isa = PBXFileReference; lastKnownFileType = file; path = KH; sourceTree = "<group>"; };
		5B42167E1A6B7C40006EE452 /* KS */ = {isa = PBXFileReference; lastKnownFileType = file; path = KS; sourceTree = "<group>"; };
		5B42167F1A6B7C40006EE452 /* QC */ = {isa = PBXFileReference; lastKnownFileType = file; path = QC; sourceTree = "<group>"; };
		5B4216801A6B7C40006EE452 /* QD */ = {isa = PBXFileReference; lastKnownFileType = file; path = QD; sourceTree = "<group>"; };
		5B4216811A6B7C40006EE452 /* QH */ = {isa = PBXFileReference; lastKnownFileType = file; path = QH; sourceTree = "<group>"; };
		5B4216821A6B7C40006EE452 /* QS */ = {isa = PBXFileReference; lastKnownFileType = file; path = QS; sourceTree = "<group>"; };
/* End PBXFileReference section */

/* Begin PBXFrameworksBuildPhase section */
		5B42152C1A69F659006EE452 /* Frameworks */ = {
			isa = PBXFrameworksBuildPhase;
			buildActionMask = 2147483647;
			files = (
				5B4215BC1A6A80F4006EE452 /* Foundation.framework in Frameworks */,
				5B4215BA1A6A80EC006EE452 /* CoreGraphics.framework in Frameworks */,
				5B4215B81A6A8037006EE452 /* UIKit.framework in Frameworks */,
			);
			runOnlyForDeploymentPostprocessing = 0;
		};
		5B4215481A69F659006EE452 /* Frameworks */ = {
			isa = PBXFrameworksBuildPhase;
			buildActionMask = 2147483647;
			files = (
			);
			runOnlyForDeploymentPostprocessing = 0;
		};
/* End PBXFrameworksBuildPhase section */

/* Begin PBXGroup section */
		5B4215261A69F659006EE452 = {
			isa = PBXGroup;
			children = (
				5B4215BD1A6A8167006EE452 /* FrameWorks */,
				5B4215311A69F659006EE452 /* TwoInOneCardGame */,
				5B42154E1A69F659006EE452 /* TwoInOneCardGameTests */,
				5B4215301A69F659006EE452 /* Products */,
			);
			sourceTree = "<group>";
		};
		5B4215301A69F659006EE452 /* Products */ = {
			isa = PBXGroup;
			children = (
				5B42152F1A69F659006EE452 /* TwoInOneCardGame.app */,
				5B42154B1A69F659006EE452 /* TwoInOneCardGameTests.xctest */,
			);
			name = Products;
			sourceTree = "<group>";
		};
		5B4215311A69F659006EE452 /* TwoInOneCardGame */ = {
			isa = PBXGroup;
			children = (
				5B42155D1A69FDE0006EE452 /* Image */,
				5B42155C1A69FDC9006EE452 /* Model */,
				5B42155B1A69FDB2006EE452 /* Controller */,
				5B4215361A69F659006EE452 /* AppDelegate.h */,
				5B4215371A69F659006EE452 /* AppDelegate.m */,
				5B42153F1A69F659006EE452 /* Main.storyboard */,
				5B4215421A69F659006EE452 /* Images.xcassets */,
				5B4215441A69F659006EE452 /* LaunchScreen.xib */,
				5B4215321A69F659006EE452 /* Supporting Files */,
				5B4215C11A6B4B1B006EE452 /* MatchCardView.h */,
				5B4215C21A6B4B1B006EE452 /* MatchCardView.m */,
			);
			path = TwoInOneCardGame;
			sourceTree = "<group>";
		};
		5B4215321A69F659006EE452 /* Supporting Files */ = {
			isa = PBXGroup;
			children = (
				5B4215331A69F659006EE452 /* Info.plist */,
				5B4215341A69F659006EE452 /* main.m */,
				5B4215BE1A6A84F6006EE452 /* TwoInOneCardGame-Prefix.pch */,
			);
			name = "Supporting Files";
			sourceTree = "<group>";
		};
		5B42154E1A69F659006EE452 /* TwoInOneCardGameTests */ = {
			isa = PBXGroup;
			children = (
				5B4215511A69F659006EE452 /* TwoInOneCardGameTests.m */,
				5B42154F1A69F659006EE452 /* Supporting Files */,
			);
			path = TwoInOneCardGameTests;
			sourceTree = "<group>";
		};
		5B42154F1A69F659006EE452 /* Supporting Files */ = {
			isa = PBXGroup;
			children = (
				5B4215501A69F659006EE452 /* Info.plist */,
			);
			name = "Supporting Files";
			sourceTree = "<group>";
		};
		5B42155B1A69FDB2006EE452 /* Controller */ = {
			isa = PBXGroup;
			children = (
				5B4215391A69F659006EE452 /* MatchGameViewController.h */,
				5B42153A1A69F659006EE452 /* MatchGameViewController.m */,
				5B42153C1A69F659006EE452 /* SetGameViewController.h */,
				5B42153D1A69F659006EE452 /* SetGameViewController.m */,
				5B42155E1A69FE36006EE452 /* CardGameViewController.h */,
				5B42155F1A69FE36006EE452 /* CardGameViewController.m */,
				5B4215BF1A6B333D006EE452 /* CardGameViewController_Protected.m */,
			);
			name = Controller;
			sourceTree = "<group>";
		};
		5B42155C1A69FDC9006EE452 /* Model */ = {
			isa = PBXGroup;
			children = (
				5B4215B41A6A7AAE006EE452 /* SetCardGame.h */,
				5B4215B51A6A7AAE006EE452 /* SetCardGame.m */,
				5B4215AE1A6A75F8006EE452 /* Deck.h */,
				5B42159B1A6A47B8006EE452 /* Deck.m */,
				5B4215961A6A47B8006EE452 /* Card.h */,
				5B4215971A6A47B8006EE452 /* Card.m */,
				5B4215991A6A47B8006EE452 /* CardMatchingGame.h */,
				5B42159A1A6A47B8006EE452 /* CardMatchingGame.m */,
				5B42159C1A6A47B8006EE452 /* GameResult.h */,
				5B42159D1A6A47B8006EE452 /* GameResult.m */,
				5B42159E1A6A47B8006EE452 /* PlayingCard.h */,
				5B42159F1A6A47B8006EE452 /* PlayingCard.m */,
				5B4215A01A6A47B8006EE452 /* PlayingCardDeck.h */,
				5B4215A11A6A47B8006EE452 /* PlayingCardDeck.m */,
				5B4215A21A6A47B8006EE452 /* SetGameCard.h */,
				5B4215A31A6A47B8006EE452 /* SetGameCard.m */,
				5B4215A41A6A47B8006EE452 /* SetGameCardDeck.h */,
				5B4215A51A6A47B8006EE452 /* SetGameCardDeck.m */,
				5B4215AF1A6A76AF006EE452 /* CardGame.h */,
				5B4215B01A6A76AF006EE452 /* CardGame.m */,
				5B4215B21A6A7724006EE452 /* CardGame_Protected.m */,
			);
			name = Model;
			sourceTree = "<group>";
		};
		5B42155D1A69FDE0006EE452 /* Image */ = {
			isa = PBXGroup;
			children = (
				5B4216441A6B7C40006EE452 /* _about */,
				5B4216451A6B7C40006EE452 /* _about2 */,
				5B4216461A6B7C40006EE452 /* _cardback */,
				5B4216471A6B7C40006EE452 /* _cardback2 */,
				5B4216481A6B7C40006EE452 /* _Corners */,
				5B4216491A6B7C40006EE452 /* _joker */,
				5B42164A1A6B7C40006EE452 /* _joker2 */,
				5B42164B1A6B7C40006EE452 /* _Numbers */,
				5B42164C1A6B7C40006EE452 /* _Size */,
				5B42164D1A6B7C40006EE452 /* _Suits */,
				5B42164E1A6B7C40006EE452 /* 2C */,
				5B42164F1A6B7C40006EE452 /* 2D */,
				5B4216501A6B7C40006EE452 /* 2H */,
				5B4216511A6B7C40006EE452 /* 2S */,
				5B4216521A6B7C40006EE452 /* 3C */,
				5B4216531A6B7C40006EE452 /* 3D */,
				5B4216541A6B7C40006EE452 /* 3H */,
				5B4216551A6B7C40006EE452 /* 3S */,
				5B4216561A6B7C40006EE452 /* 4C */,
				5B4216571A6B7C40006EE452 /* 4D */,
				5B4216581A6B7C40006EE452 /* 4H */,
				5B4216591A6B7C40006EE452 /* 4S */,
				5B42165A1A6B7C40006EE452 /* 5C */,
				5B42165B1A6B7C40006EE452 /* 5D */,
				5B42165C1A6B7C40006EE452 /* 5H */,
				5B42165D1A6B7C40006EE452 /* 5S */,
				5B42165E1A6B7C40006EE452 /* 6C */,
				5B42165F1A6B7C40006EE452 /* 6D */,
				5B4216601A6B7C40006EE452 /* 6H */,
				5B4216611A6B7C40006EE452 /* 6S */,
				5B4216621A6B7C40006EE452 /* 7C */,
				5B4216631A6B7C40006EE452 /* 7D */,
				5B4216641A6B7C40006EE452 /* 7H */,
				5B4216651A6B7C40006EE452 /* 7S */,
				5B4216661A6B7C40006EE452 /* 8C */,
				5B4216671A6B7C40006EE452 /* 8D */,
				5B4216681A6B7C40006EE452 /* 8H */,
				5B4216691A6B7C40006EE452 /* 8S */,
				5B42166A1A6B7C40006EE452 /* 9C */,
				5B42166B1A6B7C40006EE452 /* 9D */,
				5B42166C1A6B7C40006EE452 /* 9H */,
				5B42166D1A6B7C40006EE452 /* 9S */,
				5B42166E1A6B7C40006EE452 /* 10C */,
				5B42166F1A6B7C40006EE452 /* 10D */,
				5B4216701A6B7C40006EE452 /* 10H */,
				5B4216711A6B7C40006EE452 /* 10S */,
				5B4216721A6B7C40006EE452 /* AC */,
				5B4216731A6B7C40006EE452 /* AD */,
				5B4216741A6B7C40006EE452 /* AH */,
				5B4216751A6B7C40006EE452 /* AS */,
				5B4216761A6B7C40006EE452 /* IconJoker.png */,
				5B4216771A6B7C40006EE452 /* JC */,
				5B4216781A6B7C40006EE452 /* JD */,
				5B4216791A6B7C40006EE452 /* JH */,
				5B42167A1A6B7C40006EE452 /* JS */,
				5B42167B1A6B7C40006EE452 /* KC */,
				5B42167C1A6B7C40006EE452 /* KD */,
				5B42167D1A6B7C40006EE452 /* KH */,
				5B42167E1A6B7C40006EE452 /* KS */,
				5B42167F1A6B7C40006EE452 /* QC */,
				5B4216801A6B7C40006EE452 /* QD */,
				5B4216811A6B7C40006EE452 /* QH */,
				5B4216821A6B7C40006EE452 /* QS */,
			);
			name = Image;
			sourceTree = "<group>";
		};
		5B4215BD1A6A8167006EE452 /* FrameWorks */ = {
			isa = PBXGroup;
			children = (
				5B4215BB1A6A80F4006EE452 /* Foundation.framework */,
				5B4215B91A6A80EC006EE452 /* CoreGraphics.framework */,
				5B4215B71A6A8037006EE452 /* UIKit.framework */,
			);
			name = FrameWorks;
			sourceTree = "<group>";
		};
/* End PBXGroup section */

/* Begin PBXNativeTarget section */
		5B42152E1A69F659006EE452 /* TwoInOneCardGame */ = {
			isa = PBXNativeTarget;
			buildConfigurationList = 5B4215551A69F659006EE452 /* Build configuration list for PBXNativeTarget "TwoInOneCardGame" */;
			buildPhases = (
				5B42152B1A69F659006EE452 /* Sources */,
				5B42152C1A69F659006EE452 /* Frameworks */,
				5B42152D1A69F659006EE452 /* Resources */,
			);
			buildRules = (
			);
			dependencies = (
			);
			name = TwoInOneCardGame;
			productName = TwoInOneCardGame;
			productReference = 5B42152F1A69F659006EE452 /* TwoInOneCardGame.app */;
			productType = "com.apple.product-type.application";
		};
		5B42154A1A69F659006EE452 /* TwoInOneCardGameTests */ = {
			isa = PBXNativeTarget;
			buildConfigurationList = 5B4215581A69F659006EE452 /* Build configuration list for PBXNativeTarget "TwoInOneCardGameTests" */;
			buildPhases = (
				5B4215471A69F659006EE452 /* Sources */,
				5B4215481A69F659006EE452 /* Frameworks */,
				5B4215491A69F659006EE452 /* Resources */,
			);
			buildRules = (
			);
			dependencies = (
				5B42154D1A69F659006EE452 /* PBXTargetDependency */,
			);
			name = TwoInOneCardGameTests;
			productName = TwoInOneCardGameTests;
			productReference = 5B42154B1A69F659006EE452 /* TwoInOneCardGameTests.xctest */;
			productType = "com.apple.product-type.bundle.unit-test";
		};
/* End PBXNativeTarget section */

/* Begin PBXProject section */
		5B4215271A69F659006EE452 /* Project object */ = {
			isa = PBXProject;
			attributes = {
				LastUpgradeCheck = 0610;
				ORGANIZATIONNAME = "Ken Zhou";
				TargetAttributes = {
					5B42152E1A69F659006EE452 = {
						CreatedOnToolsVersion = 6.1.1;
						DevelopmentTeam = 5S7Y86ZUA9;
					};
					5B42154A1A69F659006EE452 = {
						CreatedOnToolsVersion = 6.1.1;
						TestTargetID = 5B42152E1A69F659006EE452;
					};
				};
			};
			buildConfigurationList = 5B42152A1A69F659006EE452 /* Build configuration list for PBXProject "TwoInOneCardGame" */;
			compatibilityVersion = "Xcode 3.2";
			developmentRegion = English;
			hasScannedForEncodings = 0;
			knownRegions = (
				en,
				Base,
			);
			mainGroup = 5B4215261A69F659006EE452;
			productRefGroup = 5B4215301A69F659006EE452 /* Products */;
			projectDirPath = "";
			projectRoot = "";
			targets = (
				5B42152E1A69F659006EE452 /* TwoInOneCardGame */,
				5B42154A1A69F659006EE452 /* TwoInOneCardGameTests */,
			);
		};
/* End PBXProject section */

/* Begin PBXResourcesBuildPhase section */
		5B42152D1A69F659006EE452 /* Resources */ = {
			isa = PBXResourcesBuildPhase;
			buildActionMask = 2147483647;
			files = (
				5B4216B11A6B7C40006EE452 /* AC in Resources */,
				5B42169F1A6B7C40006EE452 /* 6H in Resources */,
				5B4216981A6B7C40006EE452 /* 4S in Resources */,
				5B42168C1A6B7C40006EE452 /* _Suits in Resources */,
				5B42168D1A6B7C40006EE452 /* 2C in Resources */,
				5B4216BB1A6B7C40006EE452 /* KD in Resources */,
				5B42169B1A6B7C40006EE452 /* 5H in Resources */,
				5B4216B81A6B7C40006EE452 /* JH in Resources */,
				5B4216A31A6B7C40006EE452 /* 7H in Resources */,
				5B4216A21A6B7C40006EE452 /* 7D in Resources */,
				5B4216A01A6B7C40006EE452 /* 6S in Resources */,
				5B4216841A6B7C40006EE452 /* _about2 in Resources */,
				5B4216BD1A6B7C40006EE452 /* KS in Resources */,
				5B4216B21A6B7C40006EE452 /* AD in Resources */,
				5B4216901A6B7C40006EE452 /* 2S in Resources */,
				5B4216C01A6B7C40006EE452 /* QH in Resources */,
				5B4216B01A6B7C40006EE452 /* 10S in Resources */,
				5B4216A71A6B7C40006EE452 /* 8H in Resources */,
				5B4216B51A6B7C40006EE452 /* IconJoker.png in Resources */,
				5B4216831A6B7C40006EE452 /* _about in Resources */,
				5B4216AF1A6B7C40006EE452 /* 10H in Resources */,
				5B4216931A6B7C40006EE452 /* 3H in Resources */,
				5B42169C1A6B7C40006EE452 /* 5S in Resources */,
				5B4215411A69F659006EE452 /* Main.storyboard in Resources */,
				5B4216911A6B7C40006EE452 /* 3C in Resources */,
				5B4216941A6B7C40006EE452 /* 3S in Resources */,
				5B4216B91A6B7C40006EE452 /* JS in Resources */,
				5B4216A41A6B7C40006EE452 /* 7S in Resources */,
				5B4216BE1A6B7C40006EE452 /* QC in Resources */,
				5B42168B1A6B7C40006EE452 /* _Size in Resources */,
				5B4216871A6B7C40006EE452 /* _Corners in Resources */,
				5B4216AC1A6B7C40006EE452 /* 9S in Resources */,
				5B4216A61A6B7C40006EE452 /* 8D in Resources */,
				5B4216851A6B7C40006EE452 /* _cardback in Resources */,
				5B4216AA1A6B7C40006EE452 /* 9D in Resources */,
				5B4216BC1A6B7C40006EE452 /* KH in Resources */,
				5B42169E1A6B7C40006EE452 /* 6D in Resources */,
				5B4216AE1A6B7C40006EE452 /* 10D in Resources */,
				5B42169D1A6B7C40006EE452 /* 6C in Resources */,
				5B4216B71A6B7C40006EE452 /* JD in Resources */,
				5B42168A1A6B7C40006EE452 /* _Numbers in Resources */,
				5B4216861A6B7C40006EE452 /* _cardback2 in Resources */,
				5B4216971A6B7C40006EE452 /* 4H in Resources */,
				5B4216AD1A6B7C40006EE452 /* 10C in Resources */,
				5B42169A1A6B7C40006EE452 /* 5D in Resources */,
				5B42168E1A6B7C40006EE452 /* 2D in Resources */,
				5B4216A11A6B7C40006EE452 /* 7C in Resources */,
				5B4215461A69F659006EE452 /* LaunchScreen.xib in Resources */,
				5B4216A81A6B7C40006EE452 /* 8S in Resources */,
				5B4216921A6B7C40006EE452 /* 3D in Resources */,
				5B4216C11A6B7C40006EE452 /* QS in Resources */,
				5B4216951A6B7C40006EE452 /* 4C in Resources */,
				5B4216A51A6B7C40006EE452 /* 8C in Resources */,
				5B4216BF1A6B7C40006EE452 /* QD in Resources */,
				5B4216991A6B7C40006EE452 /* 5C in Resources */,
				5B4216A91A6B7C40006EE452 /* 9C in Resources */,
				5B4216B41A6B7C40006EE452 /* AS in Resources */,
				5B42168F1A6B7C40006EE452 /* 2H in Resources */,
				5B4216881A6B7C40006EE452 /* _joker in Resources */,
				5B4216B31A6B7C40006EE452 /* AH in Resources */,
				5B4216BA1A6B7C40006EE452 /* KC in Resources */,
				5B4216B61A6B7C40006EE452 /* JC in Resources */,
				5B4215431A69F659006EE452 /* Images.xcassets in Resources */,
				5B4216891A6B7C40006EE452 /* _joker2 in Resources */,
				5B4216961A6B7C40006EE452 /* 4D in Resources */,
				5B4216AB1A6B7C40006EE452 /* 9H in Resources */,
			);
			runOnlyForDeploymentPostprocessing = 0;
		};
		5B4215491A69F659006EE452 /* Resources */ = {
			isa = PBXResourcesBuildPhase;
			buildActionMask = 2147483647;
			files = (
			);
			runOnlyForDeploymentPostprocessing = 0;
		};
/* End PBXResourcesBuildPhase section */

/* Begin PBXSourcesBuildPhase section */
		5B42152B1A69F659006EE452 /* Sources */ = {
			isa = PBXSourcesBuildPhase;
			buildActionMask = 2147483647;
			files = (
				5B4215A81A6A47B8006EE452 /* Deck.m in Sources */,
				5B42153E1A69F659006EE452 /* SetGameViewController.m in Sources */,
				5B4215381A69F659006EE452 /* AppDelegate.m in Sources */,
				5B4215B31A6A7724006EE452 /* CardGame_Protected.m in Sources */,
				5B4215C01A6B333D006EE452 /* CardGameViewController_Protected.m in Sources */,
				5B4215B11A6A76AF006EE452 /* CardGame.m in Sources */,
				5B4215A91A6A47B8006EE452 /* GameResult.m in Sources */,
				5B4215AD1A6A47B8006EE452 /* SetGameCardDeck.m in Sources */,
				5B4215C31A6B4B1B006EE452 /* MatchCardView.m in Sources */,
				5B4215AC1A6A47B8006EE452 /* SetGameCard.m in Sources */,
				5B4215B61A6A7AAE006EE452 /* SetCardGame.m in Sources */,
				5B4215601A69FE36006EE452 /* CardGameViewController.m in Sources */,
				5B42153B1A69F659006EE452 /* MatchGameViewController.m in Sources */,
				5B4215AB1A6A47B8006EE452 /* PlayingCardDeck.m in Sources */,
				5B4215351A69F659006EE452 /* main.m in Sources */,
				5B4215A61A6A47B8006EE452 /* Card.m in Sources */,
				5B4215AA1A6A47B8006EE452 /* PlayingCard.m in Sources */,
				5B4215A71A6A47B8006EE452 /* CardMatchingGame.m in Sources */,
			);
			runOnlyForDeploymentPostprocessing = 0;
		};
		5B4215471A69F659006EE452 /* Sources */ = {
			isa = PBXSourcesBuildPhase;
			buildActionMask = 2147483647;
			files = (
				5B4215521A69F659006EE452 /* TwoInOneCardGameTests.m in Sources */,
			);
			runOnlyForDeploymentPostprocessing = 0;
		};
/* End PBXSourcesBuildPhase section */

/* Begin PBXTargetDependency section */
		5B42154D1A69F659006EE452 /* PBXTargetDependency */ = {
			isa = PBXTargetDependency;
			target = 5B42152E1A69F659006EE452 /* TwoInOneCardGame */;
			targetProxy = 5B42154C1A69F659006EE452 /* PBXContainerItemProxy */;
		};
/* End PBXTargetDependency section */

/* Begin PBXVariantGroup section */
		5B42153F1A69F659006EE452 /* Main.storyboard */ = {
			isa = PBXVariantGroup;
			children = (
				5B4215401A69F659006EE452 /* Base */,
			);
			name = Main.storyboard;
			sourceTree = "<group>";
		};
		5B4215441A69F659006EE452 /* LaunchScreen.xib */ = {
			isa = PBXVariantGroup;
			children = (
				5B4215451A69F659006EE452 /* Base */,
			);
			name = LaunchScreen.xib;
			sourceTree = "<group>";
		};
/* End PBXVariantGroup section */

/* Begin XCBuildConfiguration section */
		5B4215531A69F659006EE452 /* Debug */ = {
			isa = XCBuildConfiguration;
			buildSettings = {
				ALWAYS_SEARCH_USER_PATHS = NO;
				CLANG_CXX_LANGUAGE_STANDARD = "gnu++0x";
				CLANG_CXX_LIBRARY = "libc++";
				CLANG_ENABLE_MODULES = YES;
				CLANG_ENABLE_OBJC_ARC = YES;
				CLANG_WARN_BOOL_CONVERSION = YES;
				CLANG_WARN_CONSTANT_CONVERSION = YES;
				CLANG_WARN_DIRECT_OBJC_ISA_USAGE = YES_ERROR;
				CLANG_WARN_EMPTY_BODY = YES;
				CLANG_WARN_ENUM_CONVERSION = YES;
				CLANG_WARN_INT_CONVERSION = YES;
				CLANG_WARN_OBJC_ROOT_CLASS = YES_ERROR;
				CLANG_WARN_UNREACHABLE_CODE = YES;
				CLANG_WARN__DUPLICATE_METHOD_MATCH = YES;
				"CODE_SIGN_IDENTITY[sdk=iphoneos*]" = "iPhone Developer";
				COPY_PHASE_STRIP = NO;
				ENABLE_STRICT_OBJC_MSGSEND = YES;
				GCC_C_LANGUAGE_STANDARD = gnu99;
				GCC_DYNAMIC_NO_PIC = NO;
				GCC_OPTIMIZATION_LEVEL = 0;
				GCC_PREPROCESSOR_DEFINITIONS = (
					"DEBUG=1",
					"$(inherited)",
				);
				GCC_SYMBOLS_PRIVATE_EXTERN = NO;
				GCC_WARN_64_TO_32_BIT_CONVERSION = YES;
				GCC_WARN_ABOUT_RETURN_TYPE = YES_ERROR;
				GCC_WARN_UNDECLARED_SELECTOR = YES;
				GCC_WARN_UNINITIALIZED_AUTOS = YES_AGGRESSIVE;
				GCC_WARN_UNUSED_FUNCTION = YES;
				GCC_WARN_UNUSED_VARIABLE = YES;
				IPHONEOS_DEPLOYMENT_TARGET = 8.1;
				MTL_ENABLE_DEBUG_INFO = YES;
				ONLY_ACTIVE_ARCH = YES;
				SDKROOT = iphoneos;
			};
			name = Debug;
		};
		5B4215541A69F659006EE452 /* Release */ = {
			isa = XCBuildConfiguration;
			buildSettings = {
				ALWAYS_SEARCH_USER_PATHS = NO;
				CLANG_CXX_LANGUAGE_STANDARD = "gnu++0x";
				CLANG_CXX_LIBRARY = "libc++";
				CLANG_ENABLE_MODULES = YES;
				CLANG_ENABLE_OBJC_ARC = YES;
				CLANG_WARN_BOOL_CONVERSION = YES;
				CLANG_WARN_CONSTANT_CONVERSION = YES;
				CLANG_WARN_DIRECT_OBJC_ISA_USAGE = YES_ERROR;
				CLANG_WARN_EMPTY_BODY = YES;
				CLANG_WARN_ENUM_CONVERSION = YES;
				CLANG_WARN_INT_CONVERSION = YES;
				CLANG_WARN_OBJC_ROOT_CLASS = YES_ERROR;
				CLANG_WARN_UNREACHABLE_CODE = YES;
				CLANG_WARN__DUPLICATE_METHOD_MATCH = YES;
				"CODE_SIGN_IDENTITY[sdk=iphoneos*]" = "iPhone Developer";
				COPY_PHASE_STRIP = YES;
				ENABLE_NS_ASSERTIONS = NO;
				ENABLE_STRICT_OBJC_MSGSEND = YES;
				GCC_C_LANGUAGE_STANDARD = gnu99;
				GCC_WARN_64_TO_32_BIT_CONVERSION = YES;
				GCC_WARN_ABOUT_RETURN_TYPE = YES_ERROR;
				GCC_WARN_UNDECLARED_SELECTOR = YES;
				GCC_WARN_UNINITIALIZED_AUTOS = YES_AGGRESSIVE;
				GCC_WARN_UNUSED_FUNCTION = YES;
				GCC_WARN_UNUSED_VARIABLE = YES;
				IPHONEOS_DEPLOYMENT_TARGET = 8.1;
				MTL_ENABLE_DEBUG_INFO = NO;
				SDKROOT = iphoneos;
				VALIDATE_PRODUCT = YES;
			};
			name = Release;
		};
		5B4215561A69F659006EE452 /* Debug */ = {
			isa = XCBuildConfiguration;
			buildSettings = {
				ASSETCATALOG_COMPILER_APPICON_NAME = AppIcon;
				GCC_PRECOMPILE_PREFIX_HEADER = YES;
				GCC_PREFIX_HEADER = "TwoInOneCardGame/TwoInOneCardGame-Prefix.pch";
				INFOPLIST_FILE = TwoInOneCardGame/Info.plist;
				LD_RUNPATH_SEARCH_PATHS = "$(inherited) @executable_path/Frameworks";
				PRODUCT_NAME = "$(TARGET_NAME)";
			};
			name = Debug;
		};
		5B4215571A69F659006EE452 /* Release */ = {
			isa = XCBuildConfiguration;
			buildSettings = {
				ASSETCATALOG_COMPILER_APPICON_NAME = AppIcon;
				GCC_PRECOMPILE_PREFIX_HEADER = YES;
				GCC_PREFIX_HEADER = "TwoInOneCardGame/TwoInOneCardGame-Prefix.pch";
				INFOPLIST_FILE = TwoInOneCardGame/Info.plist;
				LD_RUNPATH_SEARCH_PATHS = "$(inherited) @executable_path/Frameworks";
				PRODUCT_NAME = "$(TARGET_NAME)";
			};
			name = Release;
		};
		5B4215591A69F659006EE452 /* Debug */ = {
			isa = XCBuildConfiguration;
			buildSettings = {
				BUNDLE_LOADER = "$(TEST_HOST)";
				FRAMEWORK_SEARCH_PATHS = (
					"$(SDKROOT)/Developer/Library/Frameworks",
					"$(inherited)",
				);
				GCC_PREPROCESSOR_DEFINITIONS = (
					"DEBUG=1",
					"$(inherited)",
				);
				INFOPLIST_FILE = TwoInOneCardGameTests/Info.plist;
				LD_RUNPATH_SEARCH_PATHS = "$(inherited) @executable_path/Frameworks @loader_path/Frameworks";
				PRODUCT_NAME = "$(TARGET_NAME)";
				TEST_HOST = "$(BUILT_PRODUCTS_DIR)/TwoInOneCardGame.app/TwoInOneCardGame";
			};
			name = Debug;
		};
		5B42155A1A69F659006EE452 /* Release */ = {
			isa = XCBuildConfiguration;
			buildSettings = {
				BUNDLE_LOADER = "$(TEST_HOST)";
				FRAMEWORK_SEARCH_PATHS = (
					"$(SDKROOT)/Developer/Library/Frameworks",
					"$(inherited)",
				);
				INFOPLIST_FILE = TwoInOneCardGameTests/Info.plist;
				LD_RUNPATH_SEARCH_PATHS = "$(inherited) @executable_path/Frameworks @loader_path/Frameworks";
				PRODUCT_NAME = "$(TARGET_NAME)";
				TEST_HOST = "$(BUILT_PRODUCTS_DIR)/TwoInOneCardGame.app/TwoInOneCardGame";
			};
			name = Release;
		};
/* End XCBuildConfiguration section */

/* Begin XCConfigurationList section */
		5B42152A1A69F659006EE452 /* Build configuration list for PBXProject "TwoInOneCardGame" */ = {
			isa = XCConfigurationList;
			buildConfigurations = (
				5B4215531A69F659006EE452 /* Debug */,
				5B4215541A69F659006EE452 /* Release */,
			);
			defaultConfigurationIsVisible = 0;
			defaultConfigurationName = Release;
		};
		5B4215551A69F659006EE452 /* Build configuration list for PBXNativeTarget "TwoInOneCardGame" */ = {
			isa = XCConfigurationList;
			buildConfigurations = (
				5B4215561A69F659006EE452 /* Debug */,
				5B4215571A69F659006EE452 /* Release */,
			);
			defaultConfigurationIsVisible = 0;
			defaultConfigurationName = Release;
		};
		5B4215581A69F659006EE452 /* Build configuration list for PBXNativeTarget "TwoInOneCardGameTests" */ = {
			isa = XCConfigurationList;
			buildConfigurations = (
				5B4215591A69F659006EE452 /* Debug */,
				5B42155A1A69F659006EE452 /* Release */,
			);
			defaultConfigurationIsVisible = 0;
			defaultConfigurationName = Release;
		};
/* End XCConfigurationList section */
	};
	rootObject = 5B4215271A69F659006EE452 /* Project object */;
}
